
Microsoft Visual Studio Solution File, Format Version 12.00
# Visual Studio Version 16
VisualStudioVersion = 16.0.31402.337
MinimumVisualStudioVersion = 10.0.40219.1
Project("{2150E333-8FDC-42A3-9474-1A3956D46DE8}") = "Solution Items", "Solution Items", "{C36BA702-E69C-49DD-AFA9-550FCECDDB67}"
EndProject
Project("{2150E333-8FDC-42A3-9474-1A3956D46DE8}") = "aws-resources", "aws-resources", "{A272514D-6E05-4D62-B2F1-0E36E790581D}"
	ProjectSection(SolutionItems) = preProject
		aws-resources\aws-cli.Dockerfile = aws-resources\aws-cli.Dockerfile
		aws-resources\aws-windows-deployment-manifest.json = aws-resources\aws-windows-deployment-manifest.json
		aws-resources\aws_config = aws-resources\aws_config
		aws-resources\aws_credentials = aws-resources\aws_credentials
	EndProjectSection
EndProject
Project("{2150E333-8FDC-42A3-9474-1A3956D46DE8}") = "src", "src", "{13EF71E9-F478-43B6-A42F-6C14F0535306}"
EndProject
Project("{2150E333-8FDC-42A3-9474-1A3956D46DE8}") = "test", "test", "{BF75FCF6-FBF5-4E58-B3D6-C473340C7073}"
EndProject
Project("{2150E333-8FDC-42A3-9474-1A3956D46DE8}") = "core", "core", "{563C31D6-6C9B-481D-875D-CBD4AFCB5F55}"
EndProject
Project("{2150E333-8FDC-42A3-9474-1A3956D46DE8}") = "infrastructure", "infrastructure", "{9DB1E190-C8C6-4A2A-975B-CF48697AED43}"
EndProject
Project("{2150E333-8FDC-42A3-9474-1A3956D46DE8}") = "presentation", "presentation", "{79D172DA-687C-49E5-9AAE-F07C137257A6}"
EndProject
Project("{9A19103F-16F7-4668-BE54-9A1E7A4F7556}") = "Erx.Questionnaire.Api", "src\presentation\Erx.Questionnaire.Api\Erx.Questionnaire.Api.csproj", "{DFC9A8E5-5213-47A9-A8C8-F14E2B4739C4}"
EndProject
Project("{9A19103F-16F7-4668-BE54-9A1E7A4F7556}") = "Application", "src\core\Application\Application.csproj", "{AF5D76DC-57D3-40BB-8884-B87CD9D4ACD5}"
EndProject
Project("{9A19103F-16F7-4668-BE54-9A1E7A4F7556}") = "Domain", "src\core\Domain\Domain.csproj", "{62C6F974-BFE9-48D1-9341-C00F50C7E968}"
EndProject
Project("{9A19103F-16F7-4668-BE54-9A1E7A4F7556}") = "Persistence", "src\infrastructure\Persistence\Persistence.csproj", "{9C742FB0-323A-4694-9C19-47BF6AAC0B72}"
EndProject
Project("{2150E333-8FDC-42A3-9474-1A3956D46DE8}") = "shared", "shared", "{66B402AD-4047-4C90-9277-4ED8D49CE526}"
EndProject
Project("{FAE04EC0-301F-11D3-BF4B-00C04F79EFBC}") = "Extension", "src\shared\Extension\Extension.csproj", "{B01562C2-6088-42E5-9FA0-46DB421853AF}"
EndProject
Project("{FAE04EC0-301F-11D3-BF4B-00C04F79EFBC}") = "Common", "src\core\Common\Common.csproj", "{A1CD3874-4485-4C17-965A-232167D3753B}"
EndProject
Global
	GlobalSection(SolutionConfigurationPlatforms) = preSolution
		Debug|Any CPU = Debug|Any CPU
		Release|Any CPU = Release|Any CPU
	EndGlobalSection
	GlobalSection(ProjectConfigurationPlatforms) = postSolution
		{DFC9A8E5-5213-47A9-A8C8-F14E2B4739C4}.Debug|Any CPU.ActiveCfg = Debug|Any CPU
		{DFC9A8E5-5213-47A9-A8C8-F14E2B4739C4}.Debug|Any CPU.Build.0 = Debug|Any CPU
		{DFC9A8E5-5213-47A9-A8C8-F14E2B4739C4}.Release|Any CPU.ActiveCfg = Release|Any CPU
		{DFC9A8E5-5213-47A9-A8C8-F14E2B4739C4}.Release|Any CPU.Build.0 = Release|Any CPU
		{AF5D76DC-57D3-40BB-8884-B87CD9D4ACD5}.Debug|Any CPU.ActiveCfg = Debug|Any CPU
		{AF5D76DC-57D3-40BB-8884-B87CD9D4ACD5}.Debug|Any CPU.Build.0 = Debug|Any CPU
		{AF5D76DC-57D3-40BB-8884-B87CD9D4ACD5}.Release|Any CPU.ActiveCfg = Release|Any CPU
		{AF5D76DC-57D3-40BB-8884-B87CD9D4ACD5}.Release|Any CPU.Build.0 = Release|Any CPU
		{62C6F974-BFE9-48D1-9341-C00F50C7E968}.Debug|Any CPU.ActiveCfg = Debug|Any CPU
		{62C6F974-BFE9-48D1-9341-C00F50C7E968}.Debug|Any CPU.Build.0 = Debug|Any CPU
		{62C6F974-BFE9-48D1-9341-C00F50C7E968}.Release|Any CPU.ActiveCfg = Release|Any CPU
		{62C6F974-BFE9-48D1-9341-C00F50C7E968}.Release|Any CPU.Build.0 = Release|Any CPU
		{9C742FB0-323A-4694-9C19-47BF6AAC0B72}.Debug|Any CPU.ActiveCfg = Debug|Any CPU
		{9C742FB0-323A-4694-9C19-47BF6AAC0B72}.Debug|Any CPU.Build.0 = Debug|Any CPU
		{9C742FB0-323A-4694-9C19-47BF6AAC0B72}.Release|Any CPU.ActiveCfg = Release|Any CPU
		{9C742FB0-323A-4694-9C19-47BF6AAC0B72}.Release|Any CPU.Build.0 = Release|Any CPU
		{B01562C2-6088-42E5-9FA0-46DB421853AF}.Debug|Any CPU.ActiveCfg = Debug|Any CPU
		{B01562C2-6088-42E5-9FA0-46DB421853AF}.Debug|Any CPU.Build.0 = Debug|Any CPU
		{B01562C2-6088-42E5-9FA0-46DB421853AF}.Release|Any CPU.ActiveCfg = Release|Any CPU
		{B01562C2-6088-42E5-9FA0-46DB421853AF}.Release|Any CPU.Build.0 = Release|Any CPU
		{A1CD3874-4485-4C17-965A-232167D3753B}.Debug|Any CPU.ActiveCfg = Debug|Any CPU
		{A1CD3874-4485-4C17-965A-232167D3753B}.Debug|Any CPU.Build.0 = Debug|Any CPU
		{A1CD3874-4485-4C17-965A-232167D3753B}.Release|Any CPU.ActiveCfg = Release|Any CPU
		{A1CD3874-4485-4C17-965A-232167D3753B}.Release|Any CPU.Build.0 = Release|Any CPU
	EndGlobalSection
	GlobalSection(SolutionProperties) = preSolution
		HideSolutionNode = FALSE
	EndGlobalSection
	GlobalSection(NestedProjects) = preSolution
		{A272514D-6E05-4D62-B2F1-0E36E790581D} = {C36BA702-E69C-49DD-AFA9-550FCECDDB67}
		{563C31D6-6C9B-481D-875D-CBD4AFCB5F55} = {13EF71E9-F478-43B6-A42F-6C14F0535306}
		{9DB1E190-C8C6-4A2A-975B-CF48697AED43} = {13EF71E9-F478-43B6-A42F-6C14F0535306}
		{79D172DA-687C-49E5-9AAE-F07C137257A6} = {13EF71E9-F478-43B6-A42F-6C14F0535306}
		{DFC9A8E5-5213-47A9-A8C8-F14E2B4739C4} = {79D172DA-687C-49E5-9AAE-F07C137257A6}
		{AF5D76DC-57D3-40BB-8884-B87CD9D4ACD5} = {563C31D6-6C9B-481D-875D-CBD4AFCB5F55}
		{62C6F974-BFE9-48D1-9341-C00F50C7E968} = {563C31D6-6C9B-481D-875D-CBD4AFCB5F55}
		{9C742FB0-323A-4694-9C19-47BF6AAC0B72} = {9DB1E190-C8C6-4A2A-975B-CF48697AED43}
		{66B402AD-4047-4C90-9277-4ED8D49CE526} = {13EF71E9-F478-43B6-A42F-6C14F0535306}
		{B01562C2-6088-42E5-9FA0-46DB421853AF} = {66B402AD-4047-4C90-9277-4ED8D49CE526}
		{A1CD3874-4485-4C17-965A-232167D3753B} = {563C31D6-6C9B-481D-875D-CBD4AFCB5F55}
	EndGlobalSection
	GlobalSection(ExtensibilityGlobals) = postSolution
		SolutionGuid = {D4BE5CBE-BA03-44FF-981E-4CA19624372F}
	EndGlobalSection
EndGlobal
